// !$*UTF8*$!
{
	archiveVersion = 1;
	classes = {
	};
	objectVersion = 77;
	objects = {

/* Begin PBXBuildFile section */
		0342486B2D3BCCB9002A832B /* AppAsyncImage in Frameworks */ = {isa = PBXBuildFile; productRef = 0342486A2D3BCCB9002A832B /* AppAsyncImage */; };
		0342486D2D3BCCB9002A832B /* AsyncImageView in Frameworks */ = {isa = PBXBuildFile; productRef = 0342486C2D3BCCB9002A832B /* AsyncImageView */; };
		0342486F2D3BCCB9002A832B /* ImageDownloader in Frameworks */ = {isa = PBXBuildFile; productRef = 0342486E2D3BCCB9002A832B /* ImageDownloader */; };
		03E3E1B02D3B9D31000F97FF /* AppAsyncImage in Frameworks */ = {isa = PBXBuildFile; productRef = 03E3E1AF2D3B9D31000F97FF /* AppAsyncImage */; };
		03E3E1B22D3B9D31000F97FF /* AsyncImageView in Frameworks */ = {isa = PBXBuildFile; productRef = 03E3E1B12D3B9D31000F97FF /* AsyncImageView */; };
		03E3E1B42D3B9D31000F97FF /* ImageDownloader in Frameworks */ = {isa = PBXBuildFile; productRef = 03E3E1B32D3B9D31000F97FF /* ImageDownloader */; };
		03E3E1CA2D3BB6F2000F97FF /* AppAsyncImage in Frameworks */ = {isa = PBXBuildFile; productRef = 03E3E1C92D3BB6F2000F97FF /* AppAsyncImage */; };
		03E3E1CC2D3BB6F2000F97FF /* AsyncImageView in Frameworks */ = {isa = PBXBuildFile; productRef = 03E3E1CB2D3BB6F2000F97FF /* AsyncImageView */; };
		03E3E1CE2D3BB6F2000F97FF /* ImageDownloader in Frameworks */ = {isa = PBXBuildFile; productRef = 03E3E1CD2D3BB6F2000F97FF /* ImageDownloader */; };
/* End PBXBuildFile section */

/* Begin PBXFileReference section */
		033D590A2D3B795800CAFC75 /* SwiftImageDownloaderExample.app */ = {isa = PBXFileReference; explicitFileType = wrapper.application; includeInIndex = 0; path = SwiftImageDownloaderExample.app; sourceTree = BUILT_PRODUCTS_DIR; };
/* End PBXFileReference section */

/* Begin PBXFileSystemSynchronizedRootGroup section */
		033D590C2D3B795800CAFC75 /* SwiftImageDownloaderExample */ = {
			isa = PBXFileSystemSynchronizedRootGroup;
			path = SwiftImageDownloaderExample;
			sourceTree = "<group>";
		};
/* End PBXFileSystemSynchronizedRootGroup section */

/* Begin PBXFrameworksBuildPhase section */
		033D59072D3B795800CAFC75 /* Frameworks */ = {
			isa = PBXFrameworksBuildPhase;
			buildActionMask = 2147483647;
			files = (
				03E3E1B22D3B9D31000F97FF /* AsyncImageView in Frameworks */,
				03E3E1CE2D3BB6F2000F97FF /* ImageDownloader in Frameworks */,
				0342486D2D3BCCB9002A832B /* AsyncImageView in Frameworks */,
				03E3E1B42D3B9D31000F97FF /* ImageDownloader in Frameworks */,
				03E3E1B02D3B9D31000F97FF /* AppAsyncImage in Frameworks */,
				03E3E1CC2D3BB6F2000F97FF /* AsyncImageView in Frameworks */,
				0342486B2D3BCCB9002A832B /* AppAsyncImage in Frameworks */,
				0342486F2D3BCCB9002A832B /* ImageDownloader in Frameworks */,
				03E3E1CA2D3BB6F2000F97FF /* AppAsyncImage in Frameworks */,
			);
			runOnlyForDeploymentPostprocessing = 0;
		};
/* End PBXFrameworksBuildPhase section */

/* Begin PBXGroup section */
		033D59012D3B795800CAFC75 = {
			isa = PBXGroup;
			children = (
				033D590C2D3B795800CAFC75 /* SwiftImageDownloaderExample */,
				033D590B2D3B795800CAFC75 /* Products */,
			);
			sourceTree = "<group>";
		};
		033D590B2D3B795800CAFC75 /* Products */ = {
			isa = PBXGroup;
			children = (
				033D590A2D3B795800CAFC75 /* SwiftImageDownloaderExample.app */,
			);
			name = Products;
			sourceTree = "<group>";
		};
/* End PBXGroup section */

/* Begin PBXNativeTarget section */
		033D59092D3B795800CAFC75 /* SwiftImageDownloaderExample */ = {
			isa = PBXNativeTarget;
			buildConfigurationList = 033D59192D3B795900CAFC75 /* Build configuration list for PBXNativeTarget "SwiftImageDownloaderExample" */;
			buildPhases = (
				033D59062D3B795800CAFC75 /* Sources */,
				033D59072D3B795800CAFC75 /* Frameworks */,
				033D59082D3B795800CAFC75 /* Resources */,
			);
			buildRules = (
			);
			dependencies = (
			);
			fileSystemSynchronizedGroups = (
				033D590C2D3B795800CAFC75 /* SwiftImageDownloaderExample */,
			);
			name = SwiftImageDownloaderExample;
			packageProductDependencies = (
				03E3E1AF2D3B9D31000F97FF /* AppAsyncImage */,
				03E3E1B12D3B9D31000F97FF /* AsyncImageView */,
				03E3E1B32D3B9D31000F97FF /* ImageDownloader */,
				03E3E1C92D3BB6F2000F97FF /* AppAsyncImage */,
				03E3E1CB2D3BB6F2000F97FF /* AsyncImageView */,
				03E3E1CD2D3BB6F2000F97FF /* ImageDownloader */,
				0342486A2D3BCCB9002A832B /* AppAsyncImage */,
				0342486C2D3BCCB9002A832B /* AsyncImageView */,
				0342486E2D3BCCB9002A832B /* ImageDownloader */,
			);
			productName = SwiftImageDownloaderExample;
			productReference = 033D590A2D3B795800CAFC75 /* SwiftImageDownloaderExample.app */;
			productType = "com.apple.product-type.application";
		};
/* End PBXNativeTarget section */

/* Begin PBXProject section */
		033D59022D3B795800CAFC75 /* Project object */ = {
			isa = PBXProject;
			attributes = {
				BuildIndependentTargetsInParallel = 1;
				LastSwiftUpdateCheck = 1620;
				LastUpgradeCheck = 1620;
				TargetAttributes = {
					033D59092D3B795800CAFC75 = {
						CreatedOnToolsVersion = 16.2;
					};
				};
			};
			buildConfigurationList = 033D59052D3B795800CAFC75 /* Build configuration list for PBXProject "SwiftImageDownloaderExample" */;
			developmentRegion = en;
			hasScannedForEncodings = 0;
			knownRegions = (
				en,
				Base,
			);
			mainGroup = 033D59012D3B795800CAFC75;
			minimizedProjectReferenceProxies = 1;
			packageReferences = (
				034248692D3BCCB9002A832B /* XCRemoteSwiftPackageReference "swift-image-downloader" */,
			);
			preferredProjectObjectVersion = 77;
			productRefGroup = 033D590B2D3B795800CAFC75 /* Products */;
			projectDirPath = "";
			projectRoot = "";
			targets = (
				033D59092D3B795800CAFC75 /* SwiftImageDownloaderExample */,
			);
		};
/* End PBXProject section */

/* Begin PBXResourcesBuildPhase section */
		033D59082D3B795800CAFC75 /* Resources */ = {
			isa = PBXResourcesBuildPhase;
			buildActionMask = 2147483647;
			files = (
			);
			runOnlyForDeploymentPostprocessing = 0;
		};
/* End PBXResourcesBuildPhase section */

/* Begin PBXSourcesBuildPhase section */
		033D59062D3B795800CAFC75 /* Sources */ = {
			isa = PBXSourcesBuildPhase;
			buildActionMask = 2147483647;
			files = (
			);
			runOnlyForDeploymentPostprocessing = 0;
		};
/* End PBXSourcesBuildPhase section */

/* Begin XCBuildConfiguration section */
		033D59172D3B795900CAFC75 /* Debug */ = {
			isa = XCBuildConfiguration;
			buildSettings = {
				ALWAYS_SEARCH_USER_PATHS = NO;
				ASSETCATALOG_COMPILER_GENERATE_SWIFT_ASSET_SYMBOL_EXTENSIONS = YES;
				CLANG_ANALYZER_NONNULL = YES;
				CLANG_ANALYZER_NUMBER_OBJECT_CONVERSION = YES_AGGRESSIVE;
				CLANG_CXX_LANGUAGE_STANDARD = "gnu++20";
				CLANG_ENABLE_MODULES = YES;
				CLANG_ENABLE_OBJC_ARC = YES;
				CLANG_ENABLE_OBJC_WEAK = YES;
				CLANG_WARN_BLOCK_CAPTURE_AUTORELEASING = YES;
				CLANG_WARN_BOOL_CONVERSION = YES;
				CLANG_WARN_COMMA = YES;
				CLANG_WARN_CONSTANT_CONVERSION = YES;
				CLANG_WARN_DEPRECATED_OBJC_IMPLEMENTATIONS = YES;
				CLANG_WARN_DIRECT_OBJC_ISA_USAGE = YES_ERROR;
				CLANG_WARN_DOCUMENTATION_COMMENTS = YES;
				CLANG_WARN_EMPTY_BODY = YES;
				CLANG_WARN_ENUM_CONVERSION = YES;
				CLANG_WARN_INFINITE_RECURSION = YES;
				CLANG_WARN_INT_CONVERSION = YES;
				CLANG_WARN_NON_LITERAL_NULL_CONVERSION = YES;
				CLANG_WARN_OBJC_IMPLICIT_RETAIN_SELF = YES;
				CLANG_WARN_OBJC_LITERAL_CONVERSION = YES;
				CLANG_WARN_OBJC_ROOT_CLASS = YES_ERROR;
				CLANG_WARN_QUOTED_INCLUDE_IN_FRAMEWORK_HEADER = YES;
				CLANG_WARN_RANGE_LOOP_ANALYSIS = YES;
				CLANG_WARN_STRICT_PROTOTYPES = YES;
				CLANG_WARN_SUSPICIOUS_MOVE = YES;
				CLANG_WARN_UNGUARDED_AVAILABILITY = YES_AGGRESSIVE;
				CLANG_WARN_UNREACHABLE_CODE = YES;
				CLANG_WARN__DUPLICATE_METHOD_MATCH = YES;
				COPY_PHASE_STRIP = NO;
				DEBUG_INFORMATION_FORMAT = dwarf;
				ENABLE_STRICT_OBJC_MSGSEND = YES;
				ENABLE_TESTABILITY = YES;
				ENABLE_USER_SCRIPT_SANDBOXING = YES;
				GCC_C_LANGUAGE_STANDARD = gnu17;
				GCC_DYNAMIC_NO_PIC = NO;
				GCC_NO_COMMON_BLOCKS = YES;
				GCC_OPTIMIZATION_LEVEL = 0;
				GCC_PREPROCESSOR_DEFINITIONS = (
					"DEBUG=1",
					"$(inherited)",
				);
				GCC_WARN_64_TO_32_BIT_CONVERSION = YES;
				GCC_WARN_ABOUT_RETURN_TYPE = YES_ERROR;
				GCC_WARN_UNDECLARED_SELECTOR = YES;
				GCC_WARN_UNINITIALIZED_AUTOS = YES_AGGRESSIVE;
				GCC_WARN_UNUSED_FUNCTION = YES;
				GCC_WARN_UNUSED_VARIABLE = YES;
				LOCALIZATION_PREFERS_STRING_CATALOGS = YES;
				MTL_ENABLE_DEBUG_INFO = INCLUDE_SOURCE;
				MTL_FAST_MATH = YES;
				ONLY_ACTIVE_ARCH = YES;
				SWIFT_ACTIVE_COMPILATION_CONDITIONS = "DEBUG $(inherited)";
				SWIFT_OPTIMIZATION_LEVEL = "-Onone";
			};
			name = Debug;
		};
		033D59182D3B795900CAFC75 /* Release */ = {
			isa = XCBuildConfiguration;
			buildSettings = {
				ALWAYS_SEARCH_USER_PATHS = NO;
				ASSETCATALOG_COMPILER_GENERATE_SWIFT_ASSET_SYMBOL_EXTENSIONS = YES;
				CLANG_ANALYZER_NONNULL = YES;
				CLANG_ANALYZER_NUMBER_OBJECT_CONVERSION = YES_AGGRESSIVE;
				CLANG_CXX_LANGUAGE_STANDARD = "gnu++20";
				CLANG_ENABLE_MODULES = YES;
				CLANG_ENABLE_OBJC_ARC = YES;
				CLANG_ENABLE_OBJC_WEAK = YES;
				CLANG_WARN_BLOCK_CAPTURE_AUTORELEASING = YES;
				CLANG_WARN_BOOL_CONVERSION = YES;
				CLANG_WARN_COMMA = YES;
				CLANG_WARN_CONSTANT_CONVERSION = YES;
				CLANG_WARN_DEPRECATED_OBJC_IMPLEMENTATIONS = YES;
				CLANG_WARN_DIRECT_OBJC_ISA_USAGE = YES_ERROR;
				CLANG_WARN_DOCUMENTATION_COMMENTS = YES;
				CLANG_WARN_EMPTY_BODY = YES;
				CLANG_WARN_ENUM_CONVERSION = YES;
				CLANG_WARN_INFINITE_RECURSION = YES;
				CLANG_WARN_INT_CONVERSION = YES;
				CLANG_WARN_NON_LITERAL_NULL_CONVERSION = YES;
				CLANG_WARN_OBJC_IMPLICIT_RETAIN_SELF = YES;
				CLANG_WARN_OBJC_LITERAL_CONVERSION = YES;
				CLANG_WARN_OBJC_ROOT_CLASS = YES_ERROR;
				CLANG_WARN_QUOTED_INCLUDE_IN_FRAMEWORK_HEADER = YES;
				CLANG_WARN_RANGE_LOOP_ANALYSIS = YES;
				CLANG_WARN_STRICT_PROTOTYPES = YES;
				CLANG_WARN_SUSPICIOUS_MOVE = YES;
				CLANG_WARN_UNGUARDED_AVAILABILITY = YES_AGGRESSIVE;
				CLANG_WARN_UNREACHABLE_CODE = YES;
				CLANG_WARN__DUPLICATE_METHOD_MATCH = YES;
				COPY_PHASE_STRIP = NO;
				DEBUG_INFORMATION_FORMAT = "dwarf-with-dsym";
				ENABLE_NS_ASSERTIONS = NO;
				ENABLE_STRICT_OBJC_MSGSEND = YES;
				ENABLE_USER_SCRIPT_SANDBOXING = YES;
				GCC_C_LANGUAGE_STANDARD = gnu17;
				GCC_NO_COMMON_BLOCKS = YES;
				GCC_WARN_64_TO_32_BIT_CONVERSION = YES;
				GCC_WARN_ABOUT_RETURN_TYPE = YES_ERROR;
				GCC_WARN_UNDECLARED_SELECTOR = YES;
				GCC_WARN_UNINITIALIZED_AUTOS = YES_AGGRESSIVE;
				GCC_WARN_UNUSED_FUNCTION = YES;
				GCC_WARN_UNUSED_VARIABLE = YES;
				LOCALIZATION_PREFERS_STRING_CATALOGS = YES;
				MTL_ENABLE_DEBUG_INFO = NO;
				MTL_FAST_MATH = YES;
				SWIFT_COMPILATION_MODE = wholemodule;
			};
			name = Release;
		};
		033D591A2D3B795900CAFC75 /* Debug */ = {
			isa = XCBuildConfiguration;
			buildSettings = {
				ASSETCATALOG_COMPILER_APPICON_NAME = AppIcon;
				ASSETCATALOG_COMPILER_GLOBAL_ACCENT_COLOR_NAME = AccentColor;
				CODE_SIGN_ENTITLEMENTS = SwiftImageDownloaderExample/SwiftImageDownloaderExample.entitlements;
				CODE_SIGN_STYLE = Automatic;
				CURRENT_PROJECT_VERSION = 1;
				DEVELOPMENT_ASSET_PATHS = "\"SwiftImageDownloaderExample/Preview Content\"";
				DEVELOPMENT_TEAM = KFAF8589CA;
				ENABLE_HARDENED_RUNTIME = YES;
				ENABLE_PREVIEWS = YES;
				GENERATE_INFOPLIST_FILE = YES;
				"INFOPLIST_KEY_UIApplicationSceneManifest_Generation[sdk=iphoneos*]" = YES;
				"INFOPLIST_KEY_UIApplicationSceneManifest_Generation[sdk=iphonesimulator*]" = YES;
				"INFOPLIST_KEY_UIApplicationSupportsIndirectInputEvents[sdk=iphoneos*]" = YES;
				"INFOPLIST_KEY_UIApplicationSupportsIndirectInputEvents[sdk=iphonesimulator*]" = YES;
				"INFOPLIST_KEY_UILaunchScreen_Generation[sdk=iphoneos*]" = YES;
				"INFOPLIST_KEY_UILaunchScreen_Generation[sdk=iphonesimulator*]" = YES;
				"INFOPLIST_KEY_UIStatusBarStyle[sdk=iphoneos*]" = UIStatusBarStyleDefault;
				"INFOPLIST_KEY_UIStatusBarStyle[sdk=iphonesimulator*]" = UIStatusBarStyleDefault;
				INFOPLIST_KEY_UISupportedInterfaceOrientations_iPad = "UIInterfaceOrientationPortrait UIInterfaceOrientationPortraitUpsideDown UIInterfaceOrientationLandscapeLeft UIInterfaceOrientationLandscapeRight";
				INFOPLIST_KEY_UISupportedInterfaceOrientations_iPhone = "UIInterfaceOrientationPortrait UIInterfaceOrientationLandscapeLeft UIInterfaceOrientationLandscapeRight";
				IPHONEOS_DEPLOYMENT_TARGET = 18.2;
				LD_RUNPATH_SEARCH_PATHS = "@executable_path/Frameworks";
				"LD_RUNPATH_SEARCH_PATHS[sdk=macosx*]" = "@executable_path/../Frameworks";
				MACOSX_DEPLOYMENT_TARGET = 15.2;
				MARKETING_VERSION = 1.0;
				PRODUCT_BUNDLE_IDENTIFIER = com.ratnesh.SwiftImageDownloaderExample;
				PRODUCT_NAME = "$(TARGET_NAME)";
				SDKROOT = auto;
				SUPPORTED_PLATFORMS = "iphoneos iphonesimulator macosx xros xrsimulator";
				SWIFT_EMIT_LOC_STRINGS = YES;
				SWIFT_VERSION = 5.0;
				TARGETED_DEVICE_FAMILY = "1,2,7";
				XROS_DEPLOYMENT_TARGET = 2.2;
			};
			name = Debug;
		};
		033D591B2D3B795900CAFC75 /* Release */ = {
			isa = XCBuildConfiguration;
			buildSettings = {
				ASSETCATALOG_COMPILER_APPICON_NAME = AppIcon;
				ASSETCATALOG_COMPILER_GLOBAL_ACCENT_COLOR_NAME = AccentColor;
				CODE_SIGN_ENTITLEMENTS = SwiftImageDownloaderExample/SwiftImageDownloaderExample.entitlements;
				CODE_SIGN_STYLE = Automatic;
				CURRENT_PROJECT_VERSION = 1;
				DEVELOPMENT_ASSET_PATHS = "\"SwiftImageDownloaderExample/Preview Content\"";
				DEVELOPMENT_TEAM = KFAF8589CA;
				ENABLE_HARDENED_RUNTIME = YES;
				ENABLE_PREVIEWS = YES;
				GENERATE_INFOPLIST_FILE = YES;
				"INFOPLIST_KEY_UIApplicationSceneManifest_Generation[sdk=iphoneos*]" = YES;
				"INFOPLIST_KEY_UIApplicationSceneManifest_Generation[sdk=iphonesimulator*]" = YES;
				"INFOPLIST_KEY_UIApplicationSupportsIndirectInputEvents[sdk=iphoneos*]" = YES;
				"INFOPLIST_KEY_UIApplicationSupportsIndirectInputEvents[sdk=iphonesimulator*]" = YES;
				"INFOPLIST_KEY_UILaunchScreen_Generation[sdk=iphoneos*]" = YES;
				"INFOPLIST_KEY_UILaunchScreen_Generation[sdk=iphonesimulator*]" = YES;
				"INFOPLIST_KEY_UIStatusBarStyle[sdk=iphoneos*]" = UIStatusBarStyleDefault;
				"INFOPLIST_KEY_UIStatusBarStyle[sdk=iphonesimulator*]" = UIStatusBarStyleDefault;
				INFOPLIST_KEY_UISupportedInterfaceOrientations_iPad = "UIInterfaceOrientationPortrait UIInterfaceOrientationPortraitUpsideDown UIInterfaceOrientationLandscapeLeft UIInterfaceOrientationLandscapeRight";
				INFOPLIST_KEY_UISupportedInterfaceOrientations_iPhone = "UIInterfaceOrientationPortrait UIInterfaceOrientationLandscapeLeft UIInterfaceOrientationLandscapeRight";
				IPHONEOS_DEPLOYMENT_TARGET = 18.2;
				LD_RUNPATH_SEARCH_PATHS = "@executable_path/Frameworks";
				"LD_RUNPATH_SEARCH_PATHS[sdk=macosx*]" = "@executable_path/../Frameworks";
				MACOSX_DEPLOYMENT_TARGET = 15.2;
				MARKETING_VERSION = 1.0;
				PRODUCT_BUNDLE_IDENTIFIER = com.ratnesh.SwiftImageDownloaderExample;
				PRODUCT_NAME = "$(TARGET_NAME)";
				SDKROOT = auto;
				SUPPORTED_PLATFORMS = "iphoneos iphonesimulator macosx xros xrsimulator";
				SWIFT_EMIT_LOC_STRINGS = YES;
				SWIFT_VERSION = 5.0;
				TARGETED_DEVICE_FAMILY = "1,2,7";
				XROS_DEPLOYMENT_TARGET = 2.2;
			};
			name = Release;
		};
/* End XCBuildConfiguration section */

/* Begin XCConfigurationList section */
		033D59052D3B795800CAFC75 /* Build configuration list for PBXProject "SwiftImageDownloaderExample" */ = {
			isa = XCConfigurationList;
			buildConfigurations = (
				033D59172D3B795900CAFC75 /* Debug */,
				033D59182D3B795900CAFC75 /* Release */,
			);
			defaultConfigurationIsVisible = 0;
			defaultConfigurationName = Release;
		};
		033D59192D3B795900CAFC75 /* Build configuration list for PBXNativeTarget "SwiftImageDownloaderExample" */ = {
			isa = XCConfigurationList;
			buildConfigurations = (
				033D591A2D3B795900CAFC75 /* Debug */,
				033D591B2D3B795900CAFC75 /* Release */,
			);
			defaultConfigurationIsVisible = 0;
			defaultConfigurationName = Release;
		};
/* End XCConfigurationList section */

/* Begin XCRemoteSwiftPackageReference section */
		034248692D3BCCB9002A832B /* XCRemoteSwiftPackageReference "swift-image-downloader" */ = {
			isa = XCRemoteSwiftPackageReference;
			repositoryURL = "https://github.com/ratnesh-jain/swift-image-downloader";
			requirement = {
				kind = upToNextMajorVersion;
				minimumVersion = 0.0.3;
			};
		};
/* End XCRemoteSwiftPackageReference section */

/* Begin XCSwiftPackageProductDependency section */
		0342486A2D3BCCB9002A832B /* AppAsyncImage */ = {
			isa = XCSwiftPackageProductDependency;
			package = 034248692D3BCCB9002A832B /* XCRemoteSwiftPackageReference "swift-image-downloader" */;
			productName = AppAsyncImage;
		};
		0342486C2D3BCCB9002A832B /* AsyncImageView */ = {
			isa = XCSwiftPackageProductDependency;
			package = 034248692D3BCCB9002A832B /* XCRemoteSwiftPackageReference "swift-image-downloader" */;
			productName = AsyncImageView;
		};
		0342486E2D3BCCB9002A832B /* ImageDownloader */ = {
			isa = XCSwiftPackageProductDependency;
			package = 034248692D3BCCB9002A832B /* XCRemoteSwiftPackageReference "swift-image-downloader" */;
			productName = ImageDownloader;
		};
		03E3E1AF2D3B9D31000F97FF /* AppAsyncImage */ = {
			isa = XCSwiftPackageProductDependency;
			productName = AppAsyncImage;
		};
		03E3E1B12D3B9D31000F97FF /* AsyncImageView */ = {
			isa = XCSwiftPackageProductDependency;
			productName = AsyncImageView;
		};
		03E3E1B32D3B9D31000F97FF /* ImageDownloader */ = {
			isa = XCSwiftPackageProductDependency;
			productName = ImageDownloader;
		};
		03E3E1C92D3BB6F2000F97FF /* AppAsyncImage */ = {
			isa = XCSwiftPackageProductDependency;
			productName = AppAsyncImage;
		};
		03E3E1CB2D3BB6F2000F97FF /* AsyncImageView */ = {
			isa = XCSwiftPackageProductDependency;
			productName = AsyncImageView;
		};
		03E3E1CD2D3BB6F2000F97FF /* ImageDownloader */ = {
			isa = XCSwiftPackageProductDependency;
			productName = ImageDownloader;
		};
/* End XCSwiftPackageProductDependency section */
	};
	rootObject = 033D59022D3B795800CAFC75 /* Project object */;
}
